
Microsoft Visual Studio Solution File, Format Version 12.00
# Visual Studio 2012
Project("{FAE04EC0-301F-11D3-BF4B-00C04F79EFBC}") = "Partial_function_application_+_currying", "src\Partial_function_application_+_currying.csproj", "{EB58F3A7-754F-4390-9621-E1CD352A186D}"
EndProject
Global
	GlobalSection(SolutionConfigurationPlatforms) = preSolution
		Debug|Any CPU = Debug|Any CPU
		Release|Any CPU = Release|Any CPU
	EndGlobalSection
	GlobalSection(ProjectConfigurationPlatforms) = postSolution
		{EB58F3A7-754F-4390-9621-E1CD352A186D}.Debug|Any CPU.ActiveCfg = Debug|Any CPU
		{EB58F3A7-754F-4390-9621-E1CD352A186D}.Debug|Any CPU.Build.0 = Debug|Any CPU
		{EB58F3A7-754F-4390-9621-E1CD352A186D}.Release|Any CPU.ActiveCfg = Release|Any CPU
		{EB58F3A7-754F-4390-9621-E1CD352A186D}.Release|Any CPU.Build.0 = Release|Any CPU
	EndGlobalSection
	GlobalSection(SolutionProperties) = preSolution
		HideSolutionNode = FALSE
	EndGlobalSection
EndGlobal
